{
  "lockfileVersion": 2,
  "configVersion": 1,
  "workspaces": {
    "": {
      "name": "shop-backend",
      "dependencies": {
        "@prisma/client": "^6.16.3",
        "jsonwebtoken": "^9.0.2",
        "pino": "^9.9.5",
        "swagger-ui-dist": "^5.0.0",
        "zod": "^4.1.11",
      },
      "devDependencies": {
        "prisma": "^6.16.3",
      },
    },
  },
  "packages": {
    "@pinojs/redact": ["@pinojs/redact@0.4.0", "", {}, "sha512-k2ENnmBugE/rzQfEcdWHcCY+/FM3VLzH9cYEsbdsoqrvzAKRhUZeRNhAZvB8OitQJ1TBed3yqWtdjzS6wJKBwg=="],

    "@prisma/client": ["@prisma/client@6.19.3", "", { "peerDependencies": { "prisma": "*", "typescript": ">=5.1.0" }, "optionalPeers": ["prisma", "typescript"] }, "sha512-mKq3jQFhjvko5LTJFHGilsuQs+W+T3Gm451NzuTDGQxwCzwXHYnIu2zGkRoW+Exq3Rob7yp2MfzSrdIiZVhrBg=="],

    "@prisma/config": ["@prisma/config@6.19.3", "", { "dependencies": { "c12": "3.1.0", "deepmerge-ts": "7.1.5", "effect": "3.21.0", "empathic": "2.0.0" } }, "sha512-CBPT44BjlQxEt8kiMEauji2WHTDoVBOKl7UlewXmUgBPnr/oPRZC3psci5chJnYmH0ivEIog2OU9PGWoki3DLQ=="],

    "@prisma/debug": ["@prisma/debug@6.19.3", "", {}, "sha512-ljkJ+SgpXNktLG0Q/n4JGYCkKf0f8oYLyjImS2I8e2q2WCfdRRtWER062ZV/ixaNP2M2VKlWXVJiGzZaUgbKZw=="],

    "@prisma/engines": ["@prisma/engines@6.19.3", "", { "dependencies": { "@prisma/debug": "6.19.3", "@prisma/engines-version": "7.1.1-3.c2990dca591cba766e3b7ef5d9e8a84796e47ab7", "@prisma/fetch-engine": "6.19.3", "@prisma/get-platform": "6.19.3" } }, "sha512-RSYxtlYFl5pJ8ZePgMv0lZ9IzVCOdTPOegrs2qcbAEFrBI1G33h6wyC9kjQvo0DnYEhEVY0X4LsuFHXLKQk88g=="],

    "@prisma/engines-version": ["@prisma/engines-version@7.1.1-3.c2990dca591cba766e3b7ef5d9e8a84796e47ab7", "", {}, "sha512-03bgb1VD5gvuumNf+7fVGBzfpJPjmqV423l/WxsWk2cNQ42JD0/SsFBPhN6z8iAvdHs07/7ei77SKu7aZfq8bA=="],

    "@prisma/fetch-engine": ["@prisma/fetch-engine@6.19.3", "", { "dependencies": { "@prisma/debug": "6.19.3", "@prisma/engines-version": "7.1.1-3.c2990dca591cba766e3b7ef5d9e8a84796e47ab7", "@prisma/get-platform": "6.19.3" } }, "sha512-tKtl/qco9Nt7LU5iKhpultD8O4vMCZcU2CHjNTnRrL1QvSUr5W/GcyFPjNL87GtRrwBc7ubXXD9xy4EvLvt8JA=="],

    "@prisma/get-platform": ["@prisma/get-platform@6.19.3", "", { "dependencies": { "@prisma/debug": "6.19.3" } }, "sha512-xFj1VcJ1N3MKooOQAGO0W5tsd0W2QzIvW7DD7c/8H14Zmp4jseeWAITm+w2LLoLrlhoHdPPh0NMZ8mfL6puoHA=="],

    "@scarf/scarf": ["@scarf/scarf@1.4.0", "", {}, "sha512-xxeapPiUXdZAE3che6f3xogoJPeZgig6omHEy1rIY5WVsB3H2BHNnZH+gHG6x91SCWyQCzWGsuL2Hh3ClO5/qQ=="],

    "@standard-schema/spec": ["@standard-schema/spec@1.1.0", "", {}, "sha512-l2aFy5jALhniG5HgqrD6jXLi/rUWrKvqN/qJx6yoJsgKhblVd+iqqU4RCXavm/jPityDo5TCvKMnpjKnOriy0w=="],

    "atomic-sleep": ["atomic-sleep@1.0.0", "", {}, "sha512-kNOjDqAh7px0XWNI+4QbzoiR/nTkHAWNud2uvnJquD1/x5a7EQZMJT0AczqK0Qn67oY/TTQ1LbUKajZpp3I9tQ=="],

    "buffer-equal-constant-time": ["buffer-equal-constant-time@1.0.1", "", {}, "sha512-zRpUiDwd/xk6ADqPMATG8vc9VPrkck7T07OIx0gnjmJAnHnTVXNQG3vfvWNuiZIkwu9KrKdA1iJKfsfTVxE6NA=="],

    "c12": ["c12@3.1.0", "", { "dependencies": { "chokidar": "^4.0.3", "confbox": "^0.2.2", "defu": "^6.1.4", "dotenv": "^16.6.1", "exsolve": "^1.0.7", "giget": "^2.0.0", "jiti": "^2.4.2", "ohash": "^2.0.11", "pathe": "^2.0.3", "perfect-debounce": "^1.0.0", "pkg-types": "^2.2.0", "rc9": "^2.1.2" }, "peerDependencies": { "magicast": "^0.3.5" }, "optionalPeers": ["magicast"] }, "sha512-uWoS8OU1MEIsOv8p/5a82c3H31LsWVR5qiyXVfBNOzfffjUWtPnhAb4BYI2uG2HfGmZmFjCtui5XNWaps+iFuw=="],

    "chokidar": ["chokidar@4.0.3", "", { "dependencies": { "readdirp": "^4.0.1" } }, "sha512-Qgzu8kfBvo+cA4962jnP1KkS6Dop5NS6g7R5LFYJr4b8Ub94PPQXUksCw9PvXoeXPRRddRNC5C1JQUR2SMGtnA=="],

    "citty": ["citty@0.1.6", "", { "dependencies": { "consola": "^3.2.3" } }, "sha512-tskPPKEs8D2KPafUypv2gxwJP8h/OaJmC82QQGGDQcHvXX43xF2VDACcJVmZ0EuSxkpO9Kc4MlrA3q0+FG58AQ=="],

    "confbox": ["confbox@0.2.4", "", {}, "sha512-ysOGlgTFbN2/Y6Cg3Iye8YKulHw+R2fNXHrgSmXISQdMnomY6eNDprVdW9R5xBguEqI954+S6709UyiO7B+6OQ=="],

    "consola": ["consola@3.4.2", "", {}, "sha512-5IKcdX0nnYavi6G7TtOhwkYzyjfJlatbjMjuLSfE2kYT5pMDOilZ4OvMhi637CcDICTmz3wARPoyhqyX1Y+XvA=="],

    "deepmerge-ts": ["deepmerge-ts@7.1.5", "", {}, "sha512-HOJkrhaYsweh+W+e74Yn7YStZOilkoPb6fycpwNLKzSPtruFs48nYis0zy5yJz1+ktUhHxoRDJ27RQAWLIJVJw=="],

    "defu": ["defu@6.1.7", "", {}, "sha512-7z22QmUWiQ/2d0KkdYmANbRUVABpZ9SNYyH5vx6PZ+nE5bcC0l7uFvEfHlyld/HcGBFTL536ClDt3DEcSlEJAQ=="],

    "destr": ["destr@2.0.5", "", {}, "sha512-ugFTXCtDZunbzasqBxrK93Ik/DRYsO6S/fedkWEMKqt04xZ4csmnmwGDBAb07QWNaGMAmnTIemsYZCksjATwsA=="],

    "dotenv": ["dotenv@16.6.1", "", {}, "sha512-uBq4egWHTcTt33a72vpSG0z3HnPuIl6NqYcTrKEg2azoEyl2hpW0zqlxysq2pK9HlDIHyHyakeYaYnSAwd8bow=="],

    "ecdsa-sig-formatter": ["ecdsa-sig-formatter@1.0.11", "", { "dependencies": { "safe-buffer": "^5.0.1" } }, "sha512-nagl3RYrbNv6kQkeJIpt6NJZy8twLB/2vtz6yN9Z4vRKHN4/QZJIEbqohALSgwKdnksuY3k5Addp5lg8sVoVcQ=="],

    "effect": ["effect@3.21.0", "", { "dependencies": { "@standard-schema/spec": "^1.0.0", "fast-check": "^3.23.1" } }, "sha512-PPN80qRokCd1f015IANNhrwOnLO7GrrMQfk4/lnZRE/8j7UPWrNNjPV0uBrZutI/nHzernbW+J0hdqQysHiSnQ=="],

    "empathic": ["empathic@2.0.0", "", {}, "sha512-i6UzDscO/XfAcNYD75CfICkmfLedpyPDdozrLMmQc5ORaQcdMoc21OnlEylMIqI7U8eniKrPMxxtj8k0vhmJhA=="],

    "exsolve": ["exsolve@1.1.1", "", {}, "sha512-9U/jZUgjnSGyntRr6y5Muu1MJcwFl6kPu7k8qLF0IMNfLqvw0NZ4nnVDq0RVoZ0RvCyumib4Ez3KYrVfilrw+g=="],

    "fast-check": ["fast-check@3.23.2", "", { "dependencies": { "pure-rand": "^6.1.0" } }, "sha512-h5+1OzzfCC3Ef7VbtKdcv7zsstUQwUDlYpUTvjeUsJAssPgLn7QzbboPtL5ro04Mq0rPOsMzl7q5hIbRs2wD1A=="],

    "giget": ["giget@2.0.0", "", { "dependencies": { "citty": "^0.1.6", "consola": "^3.4.0", "defu": "^6.1.4", "node-fetch-native": "^1.6.6", "nypm": "^0.6.0", "pathe": "^2.0.3" }, "bin": { "giget": "dist/cli.mjs" } }, "sha512-L5bGsVkxJbJgdnwyuheIunkGatUF/zssUoxxjACCseZYAVbaqdh9Tsmmlkl8vYan09H7sbvKt4pS8GqKLBrEzA=="],

    "jiti": ["jiti@2.7.0", "", { "bin": { "jiti": "lib/jiti-cli.mjs" } }, "sha512-AC/7JofJvZGrrneWNaEnJeOLUx+JlGt7tNa0wZiRPT4MY1wmfKjt2+6O2p2uz2+skll8OZZmJMNqeke7kKbNgQ=="],

    "jsonwebtoken": ["jsonwebtoken@9.0.3", "", { "dependencies": { "jws": "^4.0.1", "lodash.includes": "^4.3.0", "lodash.isboolean": "^3.0.3", "lodash.isinteger": "^4.0.4", "lodash.isnumber": "^3.0.3", "lodash.isplainobject": "^4.0.6", "lodash.isstring": "^4.0.1", "lodash.once": "^4.0.0", "ms": "^2.1.1", "semver": "^7.5.4" } }, "sha512-MT/xP0CrubFRNLNKvxJ2BYfy53Zkm++5bX9dtuPbqAeQpTVe0MQTFhao8+Cp//EmJp244xt6Drw/GVEGCUj40g=="],

    "jwa": ["jwa@2.0.1", "", { "dependencies": { "buffer-equal-constant-time": "^1.0.1", "ecdsa-sig-formatter": "1.0.11", "safe-buffer": "^5.0.1" } }, "sha512-hRF04fqJIP8Abbkq5NKGN0Bbr3JxlQ+qhZufXVr0DvujKy93ZCbXZMHDL4EOtodSbCWxOqR8MS1tXA5hwqCXDg=="],

    "jws": ["jws@4.0.1", "", { "dependencies": { "jwa": "^2.0.1", "safe-buffer": "^5.0.1" } }, "sha512-EKI/M/yqPncGUUh44xz0PxSidXFr/+r0pA70+gIYhjv+et7yxM+s29Y+VGDkovRofQem0fs7Uvf4+YmAdyRduA=="],

    "lodash.includes": ["lodash.includes@4.3.0", "", {}, "sha512-W3Bx6mdkRTGtlJISOvVD/lbqjTlPPUDTMnlXZFnVwi9NKJ6tiAk6LVdlhZMm17VZisqhKcgzpO5Wz91PCt5b0w=="],

    "lodash.isboolean": ["lodash.isboolean@3.0.3", "", {}, "sha512-Bz5mupy2SVbPHURB98VAcw+aHh4vRV5IPNhILUCsOzRmsTmSQ17jIuqopAentWoehktxGd9e/hbIXq980/1QJg=="],

    "lodash.isinteger": ["lodash.isinteger@4.0.4", "", {}, "sha512-DBwtEWN2caHQ9/imiNeEA5ys1JoRtRfY3d7V9wkqtbycnAmTvRRmbHKDV4a0EYc678/dia0jrte4tjYwVBaZUA=="],

    "lodash.isnumber": ["lodash.isnumber@3.0.3", "", {}, "sha512-QYqzpfwO3/CWf3XP+Z+tkQsfaLL/EnUlXWVkIk5FUPc4sBdTehEqZONuyRt2P67PXAk+NXmTBcc97zw9t1FQrw=="],

    "lodash.isplainobject": ["lodash.isplainobject@4.0.6", "", {}, "sha512-oSXzaWypCMHkPC3NvBEaPHf0KsA5mvPrOPgQWDsbg8n7orZ290M0BmC/jgRZ4vcJ6DTAhjrsSYgdsW/F+MFOBA=="],

    "lodash.isstring": ["lodash.isstring@4.0.1", "", {}, "sha512-0wJxfxH1wgO3GrbuP+dTTk7op+6L41QCXbGINEmD+ny/G/eCqGzxyCsh7159S+mgDDcoarnBw6PC1PS5+wUGgw=="],

    "lodash.once": ["lodash.once@4.1.1", "", {}, "sha512-Sb487aTOCr9drQVL8pIxOzVhafOjZN9UU54hiN8PU3uAiSV7lx1yYNpbNmex2PK6dSJoNTSJUUswT651yww3Mg=="],

    "ms": ["ms@2.1.3", "", {}, "sha512-6FlzubTLZG3J2a/NVCAleEhjzq5oxgHyaCU9yYXvcLsvoVaHJq/s5xXI6/XXP6tz7R9xAOtHnSO/tXtF3WRTlA=="],

    "node-fetch-native": ["node-fetch-native@1.6.7", "", {}, "sha512-g9yhqoedzIUm0nTnTqAQvueMPVOuIY16bqgAJJC8XOOubYFNwz6IER9qs0Gq2Xd0+CecCKFjtdDTMA4u4xG06Q=="],

    "nypm": ["nypm@0.6.10", "", { "dependencies": { "citty": "^0.2.2", "pathe": "^2.0.3", "tinyexec": "^1.3.1" }, "bin": { "nypm": "./dist/cli.mjs" } }, "sha512-W72Hrj1petq+b3Hk2aAC+9zswetlIFTnDW4s5djseZh2nYqBbyQLOtj472HwcbcWykPBUW1WpWpjOd4nK6gMRw=="],

    "ohash": ["ohash@2.0.12", "", {}, "sha512-65S/5gk9YSsaRjcyf7Nfa6h/d3E8/1gslpXfI4W7Dxn/oap8IKRuNT5VXkLQ1YFKIEg4apRY4Pj6aiwFzrDdmw=="],

    "on-exit-leak-free": ["on-exit-leak-free@2.1.2", "", {}, "sha512-0eJJY6hXLGf1udHwfNftBqH+g73EU4B504nZeKpz1sYRKafAghwxEJunB2O7rDZkL4PGfsMVnTXZ2EjibbqcsA=="],

    "pathe": ["pathe@2.0.3", "", {}, "sha512-WUjGcAqP1gQacoQe+OBJsFA7Ld4DyXuUIjZ5cc75cLHvJ7dtNsTugphxIADwspS+AraAUePCKrSVtPLFj/F88w=="],

    "perfect-debounce": ["perfect-debounce@1.0.0", "", {}, "sha512-xCy9V055GLEqoFaHoC1SoLIaLmWctgCUaBaWxDZ7/Zx4CTyX7cJQLJOok/orfjZAh9kEYpjJa4d0KcJmCbctZA=="],

    "pino": ["pino@9.14.0", "", { "dependencies": { "@pinojs/redact": "^0.4.0", "atomic-sleep": "^1.0.0", "on-exit-leak-free": "^2.1.0", "pino-abstract-transport": "^2.0.0", "pino-std-serializers": "^7.0.0", "process-warning": "^5.0.0", "quick-format-unescaped": "^4.0.3", "real-require": "^0.2.0", "safe-stable-stringify": "^2.3.1", "sonic-boom": "^4.0.1", "thread-stream": "^3.0.0" }, "bin": { "pino": "bin.js" } }, "sha512-8OEwKp5juEvb/MjpIc4hjqfgCNysrS94RIOMXYvpYCdm/jglrKEiAYmiumbmGhCvs+IcInsphYDFwqrjr7398w=="],

    "pino-abstract-transport": ["pino-abstract-transport@2.0.0", "", { "dependencies": { "split2": "^4.0.0" } }, "sha512-F63x5tizV6WCh4R6RHyi2Ml+M70DNRXt/+HANowMflpgGFMAym/VKm6G7ZOQRjqN7XbGxK1Lg9t6ZrtzOaivMw=="],

    "pino-std-serializers": ["pino-std-serializers@7.1.0", "", {}, "sha512-BndPH67/JxGExRgiX1dX0w1FvZck5Wa4aal9198SrRhZjH3GxKQUKIBnYJTdj2HDN3UQAS06HlfcSbQj2OHmaw=="],

    "pkg-types": ["pkg-types@2.3.3", "", { "dependencies": { "confbox": "^0.3.1", "exsolve": "^1.1.1", "pathe": "^2.0.3" } }, "sha512-j/lCFdcppV0JxWpCEITdbDltBxPP6cHT+yNJ6Go2OgoSA9518X847X9z0p6LtA4Nc16+eQzCZjRrWanTGvHJ5w=="],

    "prisma": ["prisma@6.19.3", "", { "dependencies": { "@prisma/config": "6.19.3", "@prisma/engines": "6.19.3" }, "peerDependencies": { "typescript": ">=5.1.0" }, "optionalPeers": ["typescript"], "bin": { "prisma": "build/index.js" } }, "sha512-++ZJ0ijLrDJF6hNB4t4uxg2br3fC4H9Yc9tcbjr2fcNFP3rh/SBNrAgjhsqBU4Ght8JPrVofG/ZkXfnSfnYsFg=="],

    "process-warning": ["process-warning@5.1.0", "", {}, "sha512-jQSaVHsPgtyw60e1rQ/A+/ArPEj/S8pS/vFnyGa/gYFXrKk/6RuDkoqVDQ5NI5MmS01698ltlAk0NoDBNLujRw=="],

    "pure-rand": ["pure-rand@6.1.0", "", {}, "sha512-bVWawvoZoBYpp6yIoQtQXHZjmz35RSVHnUOTefl8Vcjr8snTPY1wnpSPMWekcFwbxI6gtmT7rSYPFvz71ldiOA=="],

    "quick-format-unescaped": ["quick-format-unescaped@4.0.4", "", {}, "sha512-tYC1Q1hgyRuHgloV/YXs2w15unPVh8qfu/qCTfhTYamaw7fyhumKa2yGpdSo87vY32rIclj+4fWYQXUMs9EHvg=="],

    "rc9": ["rc9@2.1.2", "", { "dependencies": { "defu": "^6.1.4", "destr": "^2.0.3" } }, "sha512-btXCnMmRIBINM2LDZoEmOogIZU7Qe7zn4BpomSKZ/ykbLObuBdvG+mFq11DL6fjH1DRwHhrlgtYWG96bJiC7Cg=="],

    "readdirp": ["readdirp@4.1.2", "", {}, "sha512-GDhwkLfywWL2s6vEjyhri+eXmfH6j1L7JE27WhqLeYzoh/A3DBaYGEj2H/HFZCn/kMfim73FXxEJTw06WtxQwg=="],

    "real-require": ["real-require@0.2.0", "", {}, "sha512-57frrGM/OCTLqLOAh0mhVA9VBMHd+9U7Zb2THMGdBUoZVOtGbJzjxsYGDJ3A9AYYCP4hn6y1TVbaOfzWtm5GFg=="],

    "safe-buffer": ["safe-buffer@5.2.1", "", {}, "sha512-rp3So07KcdmmKbGvgaNxQSJr7bGVSVk5S9Eq1F+ppbRo70+YeaDxkw5Dd8NPN+GD6bjnYm2VuPuCXmpuYvmCXQ=="],

    "safe-stable-stringify": ["safe-stable-stringify@2.5.0", "", {}, "sha512-b3rppTKm9T+PsVCBEOUR46GWI7fdOs00VKZ1+9c1EWDaDMvjQc6tUwuFyIprgGgTcWoVHSKrU8H31ZHA2e0RHA=="],

    "semver": ["semver@7.8.5", "", { "bin": { "semver": "bin/semver.js" } }, "sha512-Y7/KDsb8LjooZpwaqGyulO6DQlksgCncchHGk+sZIY4SBvUocMBEFH5Ur1fI4dV+Jvl0w6cjvucaIi40puRioA=="],

    "sonic-boom": ["sonic-boom@4.2.1", "", { "dependencies": { "atomic-sleep": "^1.0.0" } }, "sha512-w6AxtubXa2wTXAUsZMMWERrsIRAdrK0Sc+FUytWvYAhBJLyuI4llrMIC1DtlNSdI99EI86KZum2MMq3EAZlF9Q=="],

    "split2": ["split2@4.2.0", "", {}, "sha512-UcjcJOWknrNkF6PLX83qcHM6KHgVKNkV62Y8a5uYDVv9ydGQVwAHMKqHdJje1VTWpljG0WYpCDhrCdAOYH4TWg=="],

    "swagger-ui-dist": ["swagger-ui-dist@5.33.1", "", { "dependencies": { "@scarf/scarf": "=1.4.0" } }, "sha512-H872wWkA53bFIsGgi7OWgmq+CRWw3nFQGdJWRqOB9wNwTm6e5ol34+qPDkV4AJlK+gglM2EsJiOOzsGsEGbluA=="],

    "thread-stream": ["thread-stream@3.2.0", "", { "dependencies": { "real-require": "^0.2.0" } }, "sha512-zLBvqpwr4Esa0kRjcrzGU6zL25lePWaCLMx0RQFrmteozIfeNdaMLpG5U7PeHzvlFkAWaRKA9/KVW4F60iB+qw=="],

    "tinyexec": ["tinyexec@1.3.1", "", {}, "sha512-GCvB3aoys96IuDFBMcTB46JOR6mdMtAToqwiW8JlWhsoh1mhHi/xn9ss/Dg7N555GiJyEt2qzoG/NHCwM6h1EA=="],

    "zod": ["zod@4.6.5", "", {}, "sha512-v5l/aFXZQeai4awLbOpSoHecE9UiMrnfx75tEXLjNonXVARxQ5mOeipTjROUchszUNCqnE+hqAMujRsRHsut2Q=="],

    "nypm/citty": ["citty@0.2.2", "", {}, "sha512-+6vJA3L98yv+IdfKGZHBNiGW5KHn22e/JwID0Strsz8h4S/csAu/OuICwxrg44k5MRiZHWIo8XXuJgQTriRP4w=="],

    "pkg-types/confbox": ["confbox@0.3.1", "", {}, "sha512-cKUSoKa8YxFZZSmraVi7onONx3amu77ngK3kGpsYHDH7drPwCRkQE1RYMPlLRrMtnciRj274XNRxcHxnKmDSnA=="],
  }
}
